// !$*UTF8*$!
{
	archiveVersion = 1;
	classes = {
	};
	objectVersion = 50;
	objects = {

/* Begin PBXBuildFile section */
		138AFD3E25D9269600C83073 /* AppDelegate.swift in Sources */ = {isa = PBXBuildFile; fileRef = 138AFD3D25D9269600C83073 /* AppDelegate.swift */; };
		138AFD4025D9269600C83073 /* SceneDelegate.swift in Sources */ = {isa = PBXBuildFile; fileRef = 138AFD3F25D9269600C83073 /* SceneDelegate.swift */; };
		138AFD4225D9269600C83073 /* ViewController.swift in Sources */ = {isa = PBXBuildFile; fileRef = 138AFD4125D9269600C83073 /* ViewController.swift */; };
		138AFD4525D9269600C83073 /* Main.storyboard in Resources */ = {isa = PBXBuildFile; fileRef = 138AFD4325D9269600C83073 /* Main.storyboard */; };
		138AFD4725D9269900C83073 /* Assets.xcassets in Resources */ = {isa = PBXBuildFile; fileRef = 138AFD4625D9269900C83073 /* Assets.xcassets */; };
		138AFD4A25D9269900C83073 /* LaunchScreen.storyboard in Resources */ = {isa = PBXBuildFile; fileRef = 138AFD4825D9269900C83073 /* LaunchScreen.storyboard */; };
		138AFD5325D9312600C83073 /* SketchView.swift in Sources */ = {isa = PBXBuildFile; fileRef = 138AFD5225D9312600C83073 /* SketchView.swift */; };
		138AFD5925D9340F00C83073 /* SettingsViewController.swift in Sources */ = {isa = PBXBuildFile; fileRef = 138AFD5825D9340F00C83073 /* SettingsViewController.swift */; };
		138AFD7B25D99DB100C83073 /* SketchTool.swift in Sources */ = {isa = PBXBuildFile; fileRef = 138AFD7A25D99DB100C83073 /* SketchTool.swift */; };
/* End PBXBuildFile section */

/* Begin PBXFileReference section */
		138AFD3A25D9269600C83073 /* PaintApp.app */ = {isa = PBXFileReference; explicitFileType = wrapper.application; includeInIndex = 0; path = PaintApp.app; sourceTree = BUILT_PRODUCTS_DIR; };
		138AFD3D25D9269600C83073 /* AppDelegate.swift */ = {isa = PBXFileReference; lastKnownFileType = sourcecode.swift; path = AppDelegate.swift; sourceTree = "<group>"; };
		138AFD3F25D9269600C83073 /* SceneDelegate.swift */ = {isa = PBXFileReference; lastKnownFileType = sourcecode.swift; path = SceneDelegate.swift; sourceTree = "<group>"; };
		138AFD4125D9269600C83073 /* ViewController.swift */ = {isa = PBXFileReference; lastKnownFileType = sourcecode.swift; path = ViewController.swift; sourceTree = "<group>"; };
		138AFD4425D9269600C83073 /* Base */ = {isa = PBXFileReference; lastKnownFileType = file.storyboard; name = Base; path = Base.lproj/Main.storyboard; sourceTree = "<group>"; };
		138AFD4625D9269900C83073 /* Assets.xcassets */ = {isa = PBXFileReference; lastKnownFileType = folder.assetcatalog; path = Assets.xcassets; sourceTree = "<group>"; };
		138AFD4925D9269900C83073 /* Base */ = {isa = PBXFileReference; lastKnownFileType = file.storyboard; name = Base; path = Base.lproj/LaunchScreen.storyboard; sourceTree = "<group>"; };
		138AFD4B25D9269900C83073 /* Info.plist */ = {isa = PBXFileReference; lastKnownFileType = text.plist.xml; path = Info.plist; sourceTree = "<group>"; };
		138AFD5225D9312600C83073 /* SketchView.swift */ = {isa = PBXFileReference; lastKnownFileType = sourcecode.swift; path = SketchView.swift; sourceTree = "<group>"; };
		138AFD5825D9340F00C83073 /* SettingsViewController.swift */ = {isa = PBXFileReference; lastKnownFileType = sourcecode.swift; path = SettingsViewController.swift; sourceTree = "<group>"; };
		138AFD7A25D99DB100C83073 /* SketchTool.swift */ = {isa = PBXFileReference; lastKnownFileType = sourcecode.swift; path = SketchTool.swift; sourceTree = "<group>"; };
/* End PBXFileReference section */

/* Begin PBXFrameworksBuildPhase section */
		138AFD3725D9269600C83073 /* Frameworks */ = {
			isa = PBXFrameworksBuildPhase;
			buildActionMask = 2147483647;
			files = (
			);
			runOnlyForDeploymentPostprocessing = 0;
		};
/* End PBXFrameworksBuildPhase section */

/* Begin PBXGroup section */
		138AFD3125D9269600C83073 = {
			isa = PBXGroup;
			children = (
				138AFD3C25D9269600C83073 /* PaintApp */,
				138AFD3B25D9269600C83073 /* Products */,
			);
			sourceTree = "<group>";
		};
		138AFD3B25D9269600C83073 /* Products */ = {
			isa = PBXGroup;
			children = (
				138AFD3A25D9269600C83073 /* PaintApp.app */,
			);
			name = Products;
			sourceTree = "<group>";
		};
		138AFD3C25D9269600C83073 /* PaintApp */ = {
			isa = PBXGroup;
			children = (
				138AFD5D25D93AB900C83073 /* Models */,
				138AFD5C25D93AB300C83073 /* Views */,
				138AFD5B25D93AA500C83073 /* Controllers */,
				138AFD5F25D93ADE00C83073 /* Execution */,
				138AFD5E25D93AD000C83073 /* Resources */,
				138AFD4B25D9269900C83073 /* Info.plist */,
			);
			path = PaintApp;
			sourceTree = "<group>";
		};
		138AFD5B25D93AA500C83073 /* Controllers */ = {
			isa = PBXGroup;
			children = (
				138AFD4125D9269600C83073 /* ViewController.swift */,
				138AFD5825D9340F00C83073 /* SettingsViewController.swift */,
			);
			path = Controllers;
			sourceTree = "<group>";
		};
		138AFD5C25D93AB300C83073 /* Views */ = {
			isa = PBXGroup;
			children = (
				138AFD5225D9312600C83073 /* SketchView.swift */,
				138AFD4325D9269600C83073 /* Main.storyboard */,
				138AFD4825D9269900C83073 /* LaunchScreen.storyboard */,
			);
			path = Views;
			sourceTree = "<group>";
		};
		138AFD5D25D93AB900C83073 /* Models */ = {
			isa = PBXGroup;
			children = (
				138AFD7A25D99DB100C83073 /* SketchTool.swift */,
			);
			path = Models;
			sourceTree = "<group>";
		};
		138AFD5E25D93AD000C83073 /* Resources */ = {
			isa = PBXGroup;
			children = (
				138AFD4625D9269900C83073 /* Assets.xcassets */,
			);
			path = Resources;
			sourceTree = "<group>";
		};
		138AFD5F25D93ADE00C83073 /* Execution */ = {
			isa = PBXGroup;
			children = (
				138AFD3D25D9269600C83073 /* AppDelegate.swift */,
				138AFD3F25D9269600C83073 /* SceneDelegate.swift */,
			);
			path = Execution;
			sourceTree = "<group>";
		};
/* End PBXGroup section */

/* Begin PBXNativeTarget section */
		138AFD3925D9269600C83073 /* PaintApp */ = {
			isa = PBXNativeTarget;
			buildConfigurationList = 138AFD4E25D9269900C83073 /* Build configuration list for PBXNativeTarget "PaintApp" */;
			buildPhases = (
				138AFD3625D9269600C83073 /* Sources */,
				138AFD3725D9269600C83073 /* Frameworks */,
				138AFD3825D9269600C83073 /* Resources */,
			);
			buildRules = (
			);
			dependencies = (
			);
			name = PaintApp;
			productName = PaintApp;
			productReference = 138AFD3A25D9269600C83073 /* PaintApp.app */;
			productType = "com.apple.product-type.application";
		};
/* End PBXNativeTarget section */

/* Begin PBXProject section */
		138AFD3225D9269600C83073 /* Project object */ = {
			isa = PBXProject;
			attributes = {
				LastSwiftUpdateCheck = 1230;
				LastUpgradeCheck = 1230;
				TargetAttributes = {
					138AFD3925D9269600C83073 = {
						CreatedOnToolsVersion = 12.3;
					};
				};
			};
			buildConfigurationList = 138AFD3525D9269600C83073 /* Build configuration list for PBXProject "PaintApp" */;
			compatibilityVersion = "Xcode 9.3";
			developmentRegion = en;
			hasScannedForEncodings = 0;
			knownRegions = (
				en,
				Base,
			);
			mainGroup = 138AFD3125D9269600C83073;
			productRefGroup = 138AFD3B25D9269600C83073 /* Products */;
			projectDirPath = "";
			projectRoot = "";
			targets = (
				138AFD3925D9269600C83073 /* PaintApp */,
			);
		};
/* End PBXProject section */

/* Begin PBXResourcesBuildPhase section */
		138AFD3825D9269600C83073 /* Resources */ = {
			isa = PBXResourcesBuildPhase;
			buildActionMask = 2147483647;
			files = (
				138AFD4A25D9269900C83073 /* LaunchScreen.storyboard in Resources */,
				138AFD4725D9269900C83073 /* Assets.xcassets in Resources */,
				138AFD4525D9269600C83073 /* Main.storyboard in Resources */,
			);
			runOnlyForDeploymentPostprocessing = 0;
		};
/* End PBXResourcesBuildPhase section */

/* Begin PBXSourcesBuildPhase section */
		138AFD3625D9269600C83073 /* Sources */ = {
			isa = PBXSourcesBuildPhase;
			buildActionMask = 2147483647;
			files = (
				138AFD4225D9269600C83073 /* ViewController.swift in Sources */,
				138AFD7B25D99DB100C83073 /* SketchTool.swift in Sources */,
				138AFD3E25D9269600C83073 /* AppDelegate.swift in Sources */,
				138AFD5325D9312600C83073 /* SketchView.swift in Sources */,
				138AFD4025D9269600C83073 /* SceneDelegate.swift in Sources */,
				138AFD5925D9340F00C83073 /* SettingsViewController.swift in Sources */,
			);
			runOnlyForDeploymentPostprocessing = 0;
		};
/* End PBXSourcesBuildPhase section */

/* Begin PBXVariantGroup section */
		138AFD4325D9269600C83073 /* Main.storyboard */ = {
			isa = PBXVariantGroup;
			children = (
				138AFD4425D9269600C83073 /* Base */,
			);
			name = Main.storyboard;
			sourceTree = "<group>";
		};
		138AFD4825D9269900C83073 /* LaunchScreen.storyboard */ = {
			isa = PBXVariantGroup;
			children = (
				138AFD4925D9269900C83073 /* Base */,
			);
			name = LaunchScreen.storyboard;
			sourceTree = "<group>";
		};
/* End PBXVariantGroup section */

/* Begin XCBuildConfiguration section */
		138AFD4C25D9269900C83073 /* Debug */ = {
			isa = XCBuildConfiguration;
			buildSettings = {
				ALWAYS_SEARCH_USER_PATHS = NO;
				CLANG_ANALYZER_NONNULL = YES;
				CLANG_ANALYZER_NUMBER_OBJECT_CONVERSION = YES_AGGRESSIVE;
				CLANG_CXX_LANGUAGE_STANDARD = "gnu++14";
				CLANG_CXX_LIBRARY = "libc++";
				CLANG_ENABLE_MODULES = YES;
				CLANG_ENABLE_OBJC_ARC = YES;
				CLANG_ENABLE_OBJC_WEAK = YES;
				CLANG_WARN_BLOCK_CAPTURE_AUTORELEASING = YES;
				CLANG_WARN_BOOL_CONVERSION = YES;
				CLANG_WARN_COMMA = YES;
				CLANG_WARN_CONSTANT_CONVERSION = YES;
				CLANG_WARN_DEPRECATED_OBJC_IMPLEMENTATIONS = YES;
				CLANG_WARN_DIRECT_OBJC_ISA_USAGE = YES_ERROR;
				CLANG_WARN_DOCUMENTATION_COMMENTS = YES;
				CLANG_WARN_EMPTY_BODY = YES;
				CLANG_WARN_ENUM_CONVERSION = YES;
				CLANG_WARN_INFINITE_RECURSION = YES;
				CLANG_WARN_INT_CONVERSION = YES;
				CLANG_WARN_NON_LITERAL_NULL_CONVERSION = YES;
				CLANG_WARN_OBJC_IMPLICIT_RETAIN_SELF = YES;
				CLANG_WARN_OBJC_LITERAL_CONVERSION = YES;
				CLANG_WARN_OBJC_ROOT_CLASS = YES_ERROR;
				CLANG_WARN_QUOTED_INCLUDE_IN_FRAMEWORK_HEADER = YES;
				CLANG_WARN_RANGE_LOOP_ANALYSIS = YES;
				CLANG_WARN_STRICT_PROTOTYPES = YES;
				CLANG_WARN_SUSPICIOUS_MOVE = YES;
				CLANG_WARN_UNGUARDED_AVAILABILITY = YES_AGGRESSIVE;
				CLANG_WARN_UNREACHABLE_CODE = YES;
				CLANG_WARN__DUPLICATE_METHOD_MATCH = YES;
				COPY_PHASE_STRIP = NO;
				DEBUG_INFORMATION_FORMAT = dwarf;
				ENABLE_STRICT_OBJC_MSGSEND = YES;
				ENABLE_TESTABILITY = YES;
				GCC_C_LANGUAGE_STANDARD = gnu11;
				GCC_DYNAMIC_NO_PIC = NO;
				GCC_NO_COMMON_BLOCKS = YES;
				GCC_OPTIMIZATION_LEVEL = 0;
				GCC_PREPROCESSOR_DEFINITIONS = (
					"DEBUG=1",
					"$(inherited)",
				);
				GCC_WARN_64_TO_32_BIT_CONVERSION = YES;
				GCC_WARN_ABOUT_RETURN_TYPE = YES_ERROR;
				GCC_WARN_UNDECLARED_SELECTOR = YES;
				GCC_WARN_UNINITIALIZED_AUTOS = YES_AGGRESSIVE;
				GCC_WARN_UNUSED_FUNCTION = YES;
				GCC_WARN_UNUSED_VARIABLE = YES;
				IPHONEOS_DEPLOYMENT_TARGET = 14.3;
				MTL_ENABLE_DEBUG_INFO = INCLUDE_SOURCE;
				MTL_FAST_MATH = YES;
				ONLY_ACTIVE_ARCH = YES;
				SDKROOT = iphoneos;
				SWIFT_ACTIVE_COMPILATION_CONDITIONS = DEBUG;
				SWIFT_OPTIMIZATION_LEVEL = "-Onone";
			};
			name = Debug;
		};
		138AFD4D25D9269900C83073 /* Release */ = {
			isa = XCBuildConfiguration;
			buildSettings = {
				ALWAYS_SEARCH_USER_PATHS = NO;
				CLANG_ANALYZER_NONNULL = YES;
				CLANG_ANALYZER_NUMBER_OBJECT_CONVERSION = YES_AGGRESSIVE;
				CLANG_CXX_LANGUAGE_STANDARD = "gnu++14";
				CLANG_CXX_LIBRARY = "libc++";
				CLANG_ENABLE_MODULES = YES;
				CLANG_ENABLE_OBJC_ARC = YES;
				CLANG_ENABLE_OBJC_WEAK = YES;
				CLANG_WARN_BLOCK_CAPTURE_AUTORELEASING = YES;
				CLANG_WARN_BOOL_CONVERSION = YES;
				CLANG_WARN_COMMA = YES;
				CLANG_WARN_CONSTANT_CONVERSION = YES;
				CLANG_WARN_DEPRECATED_OBJC_IMPLEMENTATIONS = YES;
				CLANG_WARN_DIRECT_OBJC_ISA_USAGE = YES_ERROR;
				CLANG_WARN_DOCUMENTATION_COMMENTS = YES;
				CLANG_WARN_EMPTY_BODY = YES;
				CLANG_WARN_ENUM_CONVERSION = YES;
				CLANG_WARN_INFINITE_RECURSION = YES;
				CLANG_WARN_INT_CONVERSION = YES;
				CLANG_WARN_NON_LITERAL_NULL_CONVERSION = YES;
				CLANG_WARN_OBJC_IMPLICIT_RETAIN_SELF = YES;
				CLANG_WARN_OBJC_LITERAL_CONVERSION = YES;
				CLANG_WARN_OBJC_ROOT_CLASS = YES_ERROR;
				CLANG_WARN_QUOTED_INCLUDE_IN_FRAMEWORK_HEADER = YES;
				CLANG_WARN_RANGE_LOOP_ANALYSIS = YES;
				CLANG_WARN_STRICT_PROTOTYPES = YES;
				CLANG_WARN_SUSPICIOUS_MOVE = YES;
				CLANG_WARN_UNGUARDED_AVAILABILITY = YES_AGGRESSIVE;
				CLANG_WARN_UNREACHABLE_CODE = YES;
				CLANG_WARN__DUPLICATE_METHOD_MATCH = YES;
				COPY_PHASE_STRIP = NO;
				DEBUG_INFORMATION_FORMAT = "dwarf-with-dsym";
				ENABLE_NS_ASSERTIONS = NO;
				ENABLE_STRICT_OBJC_MSGSEND = YES;
				GCC_C_LANGUAGE_STANDARD = gnu11;
				GCC_NO_COMMON_BLOCKS = YES;
				GCC_WARN_64_TO_32_BIT_CONVERSION = YES;
				GCC_WARN_ABOUT_RETURN_TYPE = YES_ERROR;
				GCC_WARN_UNDECLARED_SELECTOR = YES;
				GCC_WARN_UNINITIALIZED_AUTOS = YES_AGGRESSIVE;
				GCC_WARN_UNUSED_FUNCTION = YES;
				GCC_WARN_UNUSED_VARIABLE = YES;
				IPHONEOS_DEPLOYMENT_TARGET = 14.3;
				MTL_ENABLE_DEBUG_INFO = NO;
				MTL_FAST_MATH = YES;
				SDKROOT = iphoneos;
				SWIFT_COMPILATION_MODE = wholemodule;
				SWIFT_OPTIMIZATION_LEVEL = "-O";
				VALIDATE_PRODUCT = YES;
			};
			name = Release;
		};
		138AFD4F25D9269900C83073 /* Debug */ = {
			isa = XCBuildConfiguration;
			buildSettings = {
				ASSETCATALOG_COMPILER_APPICON_NAME = AppIcon;
				ASSETCATALOG_COMPILER_GLOBAL_ACCENT_COLOR_NAME = AccentColor;
				CODE_SIGN_STYLE = Automatic;
				DEVELOPMENT_TEAM = D49586A22K;
				INFOPLIST_FILE = PaintApp/Info.plist;
				LD_RUNPATH_SEARCH_PATHS = (
					"$(inherited)",
					"@executable_path/Frameworks",
				);
				PRODUCT_BUNDLE_IDENTIFIER = com.meruyerttass.PaintApp;
				PRODUCT_NAME = "$(TARGET_NAME)";
				SWIFT_VERSION = 5.0;
				TARGETED_DEVICE_FAMILY = "1,2";
			};
			name = Debug;
		};
		138AFD5025D9269900C83073 /* Release */ = {
			isa = XCBuildConfiguration;
			buildSettings = {
				ASSETCATALOG_COMPILER_APPICON_NAME = AppIcon;
				ASSETCATALOG_COMPILER_GLOBAL_ACCENT_COLOR_NAME = AccentColor;
				CODE_SIGN_STYLE = Automatic;
				DEVELOPMENT_TEAM = D49586A22K;
				INFOPLIST_FILE = PaintApp/Info.plist;
				LD_RUNPATH_SEARCH_PATHS = (
					"$(inherited)",
					"@executable_path/Frameworks",
				);
				PRODUCT_BUNDLE_IDENTIFIER = com.meruyerttass.PaintApp;
				PRODUCT_NAME = "$(TARGET_NAME)";
				SWIFT_VERSION = 5.0;
				TARGETED_DEVICE_FAMILY = "1,2";
			};
			name = Release;
		};
/* End XCBuildConfiguration section */

/* Begin XCConfigurationList section */
		138AFD3525D9269600C83073 /* Build configuration list for PBXProject "PaintApp" */ = {
			isa = XCConfigurationList;
			buildConfigurations = (
				138AFD4C25D9269900C83073 /* Debug */,
				138AFD4D25D9269900C83073 /* Release */,
			);
			defaultConfigurationIsVisible = 0;
			defaultConfigurationName = Release;
		};
		138AFD4E25D9269900C83073 /* Build configuration list for PBXNativeTarget "PaintApp" */ = {
			isa = XCConfigurationList;
			buildConfigurations = (
				138AFD4F25D9269900C83073 /* Debug */,
				138AFD5025D9269900C83073 /* Release */,
			);
			defaultConfigurationIsVisible = 0;
			defaultConfigurationName = Release;
		};
/* End XCConfigurationList section */
	};
	rootObject = 138AFD3225D9269600C83073 /* Project object */;
}
